
Microsoft Visual Studio Solution File, Format Version 12.00
# Visual Studio Version 17
VisualStudioVersion = 17.7.34031.279
MinimumVisualStudioVersion = 10.0.40219.1
Project("{FAE04EC0-301F-11D3-BF4B-00C04F79EFBC}") = "TaskManager", "TaskManager\TaskManager.csproj", "{4CA6DF43-1725-4385-950E-6DA6693FEE3C}"
EndProject
Global
	GlobalSection(SolutionConfigurationPlatforms) = preSolution
		Debug|Any CPU = Debug|Any CPU
		Release|Any CPU = Release|Any CPU
	EndGlobalSection
	GlobalSection(ProjectConfigurationPlatforms) = postSolution
		{4CA6DF43-1725-4385-950E-6DA6693FEE3C}.Debug|Any CPU.ActiveCfg = Debug|Any CPU
		{4CA6DF43-1725-4385-950E-6DA6693FEE3C}.Debug|Any CPU.Build.0 = Debug|Any CPU
		{4CA6DF43-1725-4385-950E-6DA6693FEE3C}.Release|Any CPU.ActiveCfg = Release|Any CPU
		{4CA6DF43-1725-4385-950E-6DA6693FEE3C}.Release|Any CPU.Build.0 = Release|Any CPU
	EndGlobalSection
	GlobalSection(SolutionProperties) = preSolution
		HideSolutionNode = FALSE
	EndGlobalSection
	GlobalSection(ExtensibilityGlobals) = postSolution
		SolutionGuid = {F4F607A1-ABB9-466C-A4AF-1A706FD1DC3B}
	EndGlobalSection
EndGlobal
